
Microsoft Visual Studio Solution File, Format Version 12.00
# Visual Studio Version 16
VisualStudioVersion = 16.0.30225.117
MinimumVisualStudioVersion = 10.0.40219.1
Project("{FAE04EC0-301F-11D3-BF4B-00C04F79EFBC}") = "DrawerDemo", "DrawerDemo\DrawerDemo.csproj", "{6DF4D2AB-BEDD-4448-B98C-8C07FC05691B}"
EndProject
Global
	GlobalSection(SolutionConfigurationPlatforms) = preSolution
		Debug|Any CPU = Debug|Any CPU
		Release|Any CPU = Release|Any CPU
	EndGlobalSection
	GlobalSection(ProjectConfigurationPlatforms) = postSolution
		{6DF4D2AB-BEDD-4448-B98C-8C07FC05691B}.Debug|Any CPU.ActiveCfg = Debug|Any CPU
		{6DF4D2AB-BEDD-4448-B98C-8C07FC05691B}.Debug|Any CPU.Build.0 = Debug|Any CPU
		{6DF4D2AB-BEDD-4448-B98C-8C07FC05691B}.Release|Any CPU.ActiveCfg = Release|Any CPU
		{6DF4D2AB-BEDD-4448-B98C-8C07FC05691B}.Release|Any CPU.Build.0 = Release|Any CPU
	EndGlobalSection
	GlobalSection(SolutionProperties) = preSolution
		HideSolutionNode = FALSE
	EndGlobalSection
	GlobalSection(ExtensibilityGlobals) = postSolution
		SolutionGuid = {B3F63428-AB73-4B0B-9C03-846E8ADF3500}
	EndGlobalSection
EndGlobal
